<?xml version="1.0" encoding="utf-8"?>
<Project ToolsVersion="4.0" xmlns="http://schemas.microsoft.com/developer/msbuild/2003">
  <ItemGroup>
    <ClInclude Include="include\libbhohelper.h">
      <Filter>include</Filter>
    </ClInclude>
    <ClInclude Include="src\stdafx.h">
      <Filter>src</Filter>
    </ClInclude>
  </ItemGroup>
  <ItemGroup>
    <ClCompile Include="src\AtlFnInfos.cpp">
      <Filter>src</Filter>
    </ClCompile>
    <ClCompile Include="src\ComLibrary.cpp">
      <Filter>src</Filter>
    </ClCompile>
    <ClCompile Include="src\IDispatchHelper.cpp">
      <Filter>src</Filter>
    </ClCompile>
    <ClCompile Include="src\stdafx.cpp">
      <Filter>src</Filter>
    </ClCompile>
  </ItemGroup>
  <ItemGroup>
    <None Include="ReadMe.txt" />
  </ItemGroup>
  <ItemGroup>
    <Filter Include="include">
      <UniqueIdentifier>{819fa5e0-cee6-45d0-a096-47164e839f04}</UniqueIdentifier>
    </Filter>
    <Filter Include="src">
      <UniqueIdentifier>{3bcddd53-7c88-4a04-9cb6-052574c20e96}</UniqueIdentifier>
    </Filter>
  </ItemGroup>
</Project>