<?xml version="1.0" encoding="utf-8"?>
<Project ToolsVersion="4.0" xmlns="http://schemas.microsoft.com/developer/msbuild/2003">
  <ItemGroup>
    <Filter Include="tests">
      <UniqueIdentifier>{54704b2d-1f65-48e2-bcc7-fef79dbedf62}</UniqueIdentifier>
    </Filter>
    <Filter Include="mocks">
      <UniqueIdentifier>{6adea942-7e7e-43ec-805e-8ccf0d40d690}</UniqueIdentifier>
    </Filter>
    <Filter Include="data">
      <UniqueIdentifier>{27f7b5ae-fa86-4bdd-b5f1-645cfbddec42}</UniqueIdentifier>
    </Filter>
  </ItemGroup>
  <ItemGroup>
    <ClCompile Include="Dummy.cpp">
      <Filter>tests</Filter>
    </ClCompile>
  </ItemGroup>
</Project>